
Microsoft Visual Studio Solution File, Format Version 12.00
# Visual Studio 15
VisualStudioVersion = 15.0.28307.572
MinimumVisualStudioVersion = 10.0.40219.1
Project("{FAE04EC0-301F-11D3-BF4B-00C04F79EFBC}") = "test", "test\test.csproj", "{C3DBD983-0364-4A46-845A-2A3FC9CD8BB2}"
EndProject
Global
	GlobalSection(SolutionConfigurationPlatforms) = preSolution
		Debug|Any CPU = Debug|Any CPU
		Release|Any CPU = Release|Any CPU
	EndGlobalSection
	GlobalSection(ProjectConfigurationPlatforms) = postSolution
		{C3DBD983-0364-4A46-845A-2A3FC9CD8BB2}.Debug|Any CPU.ActiveCfg = Debug|Any CPU
		{C3DBD983-0364-4A46-845A-2A3FC9CD8BB2}.Debug|Any CPU.Build.0 = Debug|Any CPU
		{C3DBD983-0364-4A46-845A-2A3FC9CD8BB2}.Release|Any CPU.ActiveCfg = Release|Any CPU
		{C3DBD983-0364-4A46-845A-2A3FC9CD8BB2}.Release|Any CPU.Build.0 = Release|Any CPU
	EndGlobalSection
	GlobalSection(SolutionProperties) = preSolution
		HideSolutionNode = FALSE
	EndGlobalSection
	GlobalSection(ExtensibilityGlobals) = postSolution
		SolutionGuid = {73C5082B-624C-4BDF-A588-0C30E1A0DCC7}
	EndGlobalSection
EndGlobal
